
Microsoft Visual Studio Solution File, Format Version 12.00
# Visual Studio Version 17
VisualStudioVersion = 17.5.002.0
MinimumVisualStudioVersion = 10.0.40219.1
Project("{9A19103F-16F7-4668-BE54-9A1E7A4F7556}") = "ProjectM", "ProjectM.csproj", "{94680C85-1FC6-44D2-ADD3-0E70A46A8824}"
EndProject
Global
	GlobalSection(SolutionConfigurationPlatforms) = preSolution
		Debug|Any CPU = Debug|Any CPU
		Release|Any CPU = Release|Any CPU
	EndGlobalSection
	GlobalSection(ProjectConfigurationPlatforms) = postSolution
		{94680C85-1FC6-44D2-ADD3-0E70A46A8824}.Debug|Any CPU.ActiveCfg = Debug|Any CPU
		{94680C85-1FC6-44D2-ADD3-0E70A46A8824}.Debug|Any CPU.Build.0 = Debug|Any CPU
		{94680C85-1FC6-44D2-ADD3-0E70A46A8824}.Release|Any CPU.ActiveCfg = Release|Any CPU
		{94680C85-1FC6-44D2-ADD3-0E70A46A8824}.Release|Any CPU.Build.0 = Release|Any CPU
	EndGlobalSection
	GlobalSection(SolutionProperties) = preSolution
		HideSolutionNode = FALSE
	EndGlobalSection
	GlobalSection(ExtensibilityGlobals) = postSolution
		SolutionGuid = {3CDC3583-4A62-4BAD-AEB9-CF7E32B87EA5}
	EndGlobalSection
EndGlobal
